
Microsoft Visual Studio Solution File, Format Version 12.00
# Visual Studio Version 16
VisualStudioVersion = 16.0.33328.57
MinimumVisualStudioVersion = 10.0.40219.1
Project("{2150E333-8FDC-42A3-9474-1A3956D46DE8}") = "Services", "Services", "{72EBB138-4772-4991-B8D7-879B5C8327A9}"
EndProject
Project("{2150E333-8FDC-42A3-9474-1A3956D46DE8}") = "Catalog", "Catalog", "{F4D20544-2EAD-4B76-8E16-EF46E4CE05EA}"
EndProject
Project("{9A19103F-16F7-4668-BE54-9A1E7A4F7556}") = "Catalog.API", "Services\Catalog\Catalog.API\Catalog.API.csproj", "{7DAF1540-05C4-44B3-84BD-15381ADA1A25}"
EndProject
Project("{E53339B2-1760-4266-BCC7-CA923CBCF16C}") = "docker-compose", "docker-compose.dcproj", "{D1CFEF26-7EFB-491D-AFA0-DD2B8AF7D555}"
EndProject
Project("{2150E333-8FDC-42A3-9474-1A3956D46DE8}") = "Basket", "Basket", "{A1B368F2-90E6-4592-99EF-7E1FAE64A2DD}"
EndProject
Project("{9A19103F-16F7-4668-BE54-9A1E7A4F7556}") = "Basket.API", "Services\Basket\Basket.API\Basket.API.csproj", "{45EEED6C-F6E5-4524-9BF8-0B53015FA647}"
EndProject
Project("{2150E333-8FDC-42A3-9474-1A3956D46DE8}") = "Discount", "Discount", "{426DBAEA-60AD-4953-8E13-086B4A2648AE}"
EndProject
Project("{9A19103F-16F7-4668-BE54-9A1E7A4F7556}") = "Discount.API", "Services\Discount\Discount.API\Discount.API.csproj", "{F71AA0E1-7FCB-4E64-93BC-01F573B7AD8D}"
EndProject
Project("{9A19103F-16F7-4668-BE54-9A1E7A4F7556}") = "Discount.Grpc", "Services\Discount\Discount.Grpc\Discount.Grpc.csproj", "{E820ED48-FF71-47E4-8498-632C14F7744E}"
EndProject
Project("{2150E333-8FDC-42A3-9474-1A3956D46DE8}") = "Ordering", "Ordering", "{0E9CD9D5-17C5-4C7D-95F3-82726D25D52E}"
EndProject
Project("{9A19103F-16F7-4668-BE54-9A1E7A4F7556}") = "Ordering.API", "Services\Ordering\Ordering.API\Ordering.API.csproj", "{E683A86E-E317-4079-A275-9A2718BB1A9C}"
EndProject
Project("{9A19103F-16F7-4668-BE54-9A1E7A4F7556}") = "Ordering.Domain", "Services\Ordering\Ordering.Domain\Ordering.Domain.csproj", "{220ED701-A7AA-4505-A90F-6C7532E17959}"
EndProject
Project("{9A19103F-16F7-4668-BE54-9A1E7A4F7556}") = "Ordering.Application", "Services\Ordering\Ordering.Application\Ordering.Application.csproj", "{D0D3DC24-C215-4666-AC62-0AA9B4940641}"
EndProject
Project("{9A19103F-16F7-4668-BE54-9A1E7A4F7556}") = "Ordering.Infrastructure", "Services\Ordering\Ordering.Infrastructure\Ordering.Infrastructure.csproj", "{3F547F9C-C6EB-4191-B167-4DF88F895083}"
EndProject
Project("{2150E333-8FDC-42A3-9474-1A3956D46DE8}") = "BuildingBlocks", "BuildingBlocks", "{6DF18AC3-35BD-43B0-AC25-2DFF3B758161}"
EndProject
Project("{9A19103F-16F7-4668-BE54-9A1E7A4F7556}") = "EventBus.Messages", "BuildingBlocks\EventBus.Messages\EventBus.Messages.csproj", "{584C58BA-1D6E-42AB-A009-3E0AB8FA119D}"
EndProject
Project("{2150E333-8FDC-42A3-9474-1A3956D46DE8}") = "ApiGateways", "ApiGateways", "{AF83CCF4-33CB-4D3E-A991-38E20C9416C2}"
EndProject
Project("{FAE04EC0-301F-11D3-BF4B-00C04F79EFBC}") = "OcelotApiGw", "ApiGateways\OcelotApiGw\OcelotApiGw.csproj", "{CCC7036C-895A-4031-8F9F-3E1B5E67268C}"
EndProject
Global
	GlobalSection(SolutionConfigurationPlatforms) = preSolution
		Debug|Any CPU = Debug|Any CPU
		Release|Any CPU = Release|Any CPU
	EndGlobalSection
	GlobalSection(ProjectConfigurationPlatforms) = postSolution
		{7DAF1540-05C4-44B3-84BD-15381ADA1A25}.Debug|Any CPU.ActiveCfg = Debug|Any CPU
		{7DAF1540-05C4-44B3-84BD-15381ADA1A25}.Debug|Any CPU.Build.0 = Debug|Any CPU
		{7DAF1540-05C4-44B3-84BD-15381ADA1A25}.Release|Any CPU.ActiveCfg = Release|Any CPU
		{7DAF1540-05C4-44B3-84BD-15381ADA1A25}.Release|Any CPU.Build.0 = Release|Any CPU
		{D1CFEF26-7EFB-491D-AFA0-DD2B8AF7D555}.Debug|Any CPU.ActiveCfg = Debug|Any CPU
		{D1CFEF26-7EFB-491D-AFA0-DD2B8AF7D555}.Debug|Any CPU.Build.0 = Debug|Any CPU
		{D1CFEF26-7EFB-491D-AFA0-DD2B8AF7D555}.Release|Any CPU.ActiveCfg = Release|Any CPU
		{D1CFEF26-7EFB-491D-AFA0-DD2B8AF7D555}.Release|Any CPU.Build.0 = Release|Any CPU
		{45EEED6C-F6E5-4524-9BF8-0B53015FA647}.Debug|Any CPU.ActiveCfg = Debug|Any CPU
		{45EEED6C-F6E5-4524-9BF8-0B53015FA647}.Debug|Any CPU.Build.0 = Debug|Any CPU
		{45EEED6C-F6E5-4524-9BF8-0B53015FA647}.Release|Any CPU.ActiveCfg = Release|Any CPU
		{45EEED6C-F6E5-4524-9BF8-0B53015FA647}.Release|Any CPU.Build.0 = Release|Any CPU
		{F71AA0E1-7FCB-4E64-93BC-01F573B7AD8D}.Debug|Any CPU.ActiveCfg = Debug|Any CPU
		{F71AA0E1-7FCB-4E64-93BC-01F573B7AD8D}.Debug|Any CPU.Build.0 = Debug|Any CPU
		{F71AA0E1-7FCB-4E64-93BC-01F573B7AD8D}.Release|Any CPU.ActiveCfg = Release|Any CPU
		{F71AA0E1-7FCB-4E64-93BC-01F573B7AD8D}.Release|Any CPU.Build.0 = Release|Any CPU
		{E820ED48-FF71-47E4-8498-632C14F7744E}.Debug|Any CPU.ActiveCfg = Debug|Any CPU
		{E820ED48-FF71-47E4-8498-632C14F7744E}.Debug|Any CPU.Build.0 = Debug|Any CPU
		{E820ED48-FF71-47E4-8498-632C14F7744E}.Release|Any CPU.ActiveCfg = Release|Any CPU
		{E820ED48-FF71-47E4-8498-632C14F7744E}.Release|Any CPU.Build.0 = Release|Any CPU
		{E683A86E-E317-4079-A275-9A2718BB1A9C}.Debug|Any CPU.ActiveCfg = Debug|Any CPU
		{E683A86E-E317-4079-A275-9A2718BB1A9C}.Debug|Any CPU.Build.0 = Debug|Any CPU
		{E683A86E-E317-4079-A275-9A2718BB1A9C}.Release|Any CPU.ActiveCfg = Release|Any CPU
		{E683A86E-E317-4079-A275-9A2718BB1A9C}.Release|Any CPU.Build.0 = Release|Any CPU
		{220ED701-A7AA-4505-A90F-6C7532E17959}.Debug|Any CPU.ActiveCfg = Debug|Any CPU
		{220ED701-A7AA-4505-A90F-6C7532E17959}.Debug|Any CPU.Build.0 = Debug|Any CPU
		{220ED701-A7AA-4505-A90F-6C7532E17959}.Release|Any CPU.ActiveCfg = Release|Any CPU
		{220ED701-A7AA-4505-A90F-6C7532E17959}.Release|Any CPU.Build.0 = Release|Any CPU
		{D0D3DC24-C215-4666-AC62-0AA9B4940641}.Debug|Any CPU.ActiveCfg = Debug|Any CPU
		{D0D3DC24-C215-4666-AC62-0AA9B4940641}.Debug|Any CPU.Build.0 = Debug|Any CPU
		{D0D3DC24-C215-4666-AC62-0AA9B4940641}.Release|Any CPU.ActiveCfg = Release|Any CPU
		{D0D3DC24-C215-4666-AC62-0AA9B4940641}.Release|Any CPU.Build.0 = Release|Any CPU
		{3F547F9C-C6EB-4191-B167-4DF88F895083}.Debug|Any CPU.ActiveCfg = Debug|Any CPU
		{3F547F9C-C6EB-4191-B167-4DF88F895083}.Debug|Any CPU.Build.0 = Debug|Any CPU
		{3F547F9C-C6EB-4191-B167-4DF88F895083}.Release|Any CPU.ActiveCfg = Release|Any CPU
		{3F547F9C-C6EB-4191-B167-4DF88F895083}.Release|Any CPU.Build.0 = Release|Any CPU
		{584C58BA-1D6E-42AB-A009-3E0AB8FA119D}.Debug|Any CPU.ActiveCfg = Debug|Any CPU
		{584C58BA-1D6E-42AB-A009-3E0AB8FA119D}.Debug|Any CPU.Build.0 = Debug|Any CPU
		{584C58BA-1D6E-42AB-A009-3E0AB8FA119D}.Release|Any CPU.ActiveCfg = Release|Any CPU
		{584C58BA-1D6E-42AB-A009-3E0AB8FA119D}.Release|Any CPU.Build.0 = Release|Any CPU
		{CCC7036C-895A-4031-8F9F-3E1B5E67268C}.Debug|Any CPU.ActiveCfg = Debug|Any CPU
		{CCC7036C-895A-4031-8F9F-3E1B5E67268C}.Debug|Any CPU.Build.0 = Debug|Any CPU
		{CCC7036C-895A-4031-8F9F-3E1B5E67268C}.Release|Any CPU.ActiveCfg = Release|Any CPU
		{CCC7036C-895A-4031-8F9F-3E1B5E67268C}.Release|Any CPU.Build.0 = Release|Any CPU
	EndGlobalSection
	GlobalSection(SolutionProperties) = preSolution
		HideSolutionNode = FALSE
	EndGlobalSection
	GlobalSection(NestedProjects) = preSolution
		{F4D20544-2EAD-4B76-8E16-EF46E4CE05EA} = {72EBB138-4772-4991-B8D7-879B5C8327A9}
		{7DAF1540-05C4-44B3-84BD-15381ADA1A25} = {F4D20544-2EAD-4B76-8E16-EF46E4CE05EA}
		{A1B368F2-90E6-4592-99EF-7E1FAE64A2DD} = {72EBB138-4772-4991-B8D7-879B5C8327A9}
		{45EEED6C-F6E5-4524-9BF8-0B53015FA647} = {A1B368F2-90E6-4592-99EF-7E1FAE64A2DD}
		{426DBAEA-60AD-4953-8E13-086B4A2648AE} = {72EBB138-4772-4991-B8D7-879B5C8327A9}
		{F71AA0E1-7FCB-4E64-93BC-01F573B7AD8D} = {426DBAEA-60AD-4953-8E13-086B4A2648AE}
		{E820ED48-FF71-47E4-8498-632C14F7744E} = {426DBAEA-60AD-4953-8E13-086B4A2648AE}
		{0E9CD9D5-17C5-4C7D-95F3-82726D25D52E} = {72EBB138-4772-4991-B8D7-879B5C8327A9}
		{E683A86E-E317-4079-A275-9A2718BB1A9C} = {0E9CD9D5-17C5-4C7D-95F3-82726D25D52E}
		{220ED701-A7AA-4505-A90F-6C7532E17959} = {0E9CD9D5-17C5-4C7D-95F3-82726D25D52E}
		{D0D3DC24-C215-4666-AC62-0AA9B4940641} = {0E9CD9D5-17C5-4C7D-95F3-82726D25D52E}
		{3F547F9C-C6EB-4191-B167-4DF88F895083} = {0E9CD9D5-17C5-4C7D-95F3-82726D25D52E}
		{584C58BA-1D6E-42AB-A009-3E0AB8FA119D} = {6DF18AC3-35BD-43B0-AC25-2DFF3B758161}
		{CCC7036C-895A-4031-8F9F-3E1B5E67268C} = {AF83CCF4-33CB-4D3E-A991-38E20C9416C2}
	EndGlobalSection
	GlobalSection(ExtensibilityGlobals) = postSolution
		SolutionGuid = {F45CB2D7-3692-4E07-8CF1-CC7DFF281849}
	EndGlobalSection
EndGlobal
