
Microsoft Visual Studio Solution File, Format Version 12.00
# Visual Studio Version 16
VisualStudioVersion = 16.0.33328.57
MinimumVisualStudioVersion = 10.0.40219.1
Project("{2150E333-8FDC-42A3-9474-1A3956D46DE8}") = "Services", "Services", "{72EBB138-4772-4991-B8D7-879B5C8327A9}"
EndProject
Project("{2150E333-8FDC-42A3-9474-1A3956D46DE8}") = "Catalog", "Catalog", "{F4D20544-2EAD-4B76-8E16-EF46E4CE05EA}"
EndProject
Project("{9A19103F-16F7-4668-BE54-9A1E7A4F7556}") = "Catalog.API", "Services\Catalog\Catalog.API\Catalog.API.csproj", "{7DAF1540-05C4-44B3-84BD-15381ADA1A25}"
EndProject
Project("{E53339B2-1760-4266-BCC7-CA923CBCF16C}") = "docker-compose", "docker-compose.dcproj", "{D1CFEF26-7EFB-491D-AFA0-DD2B8AF7D555}"
EndProject
Project("{2150E333-8FDC-42A3-9474-1A3956D46DE8}") = "Basket", "Basket", "{A1B368F2-90E6-4592-99EF-7E1FAE64A2DD}"
EndProject
Project("{9A19103F-16F7-4668-BE54-9A1E7A4F7556}") = "Basket.API", "Services\Basket\Basket.API\Basket.API.csproj", "{45EEED6C-F6E5-4524-9BF8-0B53015FA647}"
EndProject
Project("{2150E333-8FDC-42A3-9474-1A3956D46DE8}") = "Discount", "Discount", "{426DBAEA-60AD-4953-8E13-086B4A2648AE}"
EndProject
Project("{9A19103F-16F7-4668-BE54-9A1E7A4F7556}") = "Discount.API", "Services\Discount\Discount.API\Discount.API.csproj", "{F71AA0E1-7FCB-4E64-93BC-01F573B7AD8D}"
EndProject
Project("{9A19103F-16F7-4668-BE54-9A1E7A4F7556}") = "Discount.Grpc", "Services\Discount\Discount.Grpc\Discount.Grpc.csproj", "{E820ED48-FF71-47E4-8498-632C14F7744E}"
EndProject
Global
	GlobalSection(SolutionConfigurationPlatforms) = preSolution
		Debug|Any CPU = Debug|Any CPU
		Release|Any CPU = Release|Any CPU
	EndGlobalSection
	GlobalSection(ProjectConfigurationPlatforms) = postSolution
		{7DAF1540-05C4-44B3-84BD-15381ADA1A25}.Debug|Any CPU.ActiveCfg = Debug|Any CPU
		{7DAF1540-05C4-44B3-84BD-15381ADA1A25}.Debug|Any CPU.Build.0 = Debug|Any CPU
		{7DAF1540-05C4-44B3-84BD-15381ADA1A25}.Release|Any CPU.ActiveCfg = Release|Any CPU
		{7DAF1540-05C4-44B3-84BD-15381ADA1A25}.Release|Any CPU.Build.0 = Release|Any CPU
		{D1CFEF26-7EFB-491D-AFA0-DD2B8AF7D555}.Debug|Any CPU.ActiveCfg = Debug|Any CPU
		{D1CFEF26-7EFB-491D-AFA0-DD2B8AF7D555}.Debug|Any CPU.Build.0 = Debug|Any CPU
		{D1CFEF26-7EFB-491D-AFA0-DD2B8AF7D555}.Release|Any CPU.ActiveCfg = Release|Any CPU
		{D1CFEF26-7EFB-491D-AFA0-DD2B8AF7D555}.Release|Any CPU.Build.0 = Release|Any CPU
		{45EEED6C-F6E5-4524-9BF8-0B53015FA647}.Debug|Any CPU.ActiveCfg = Debug|Any CPU
		{45EEED6C-F6E5-4524-9BF8-0B53015FA647}.Debug|Any CPU.Build.0 = Debug|Any CPU
		{45EEED6C-F6E5-4524-9BF8-0B53015FA647}.Release|Any CPU.ActiveCfg = Release|Any CPU
		{45EEED6C-F6E5-4524-9BF8-0B53015FA647}.Release|Any CPU.Build.0 = Release|Any CPU
		{F71AA0E1-7FCB-4E64-93BC-01F573B7AD8D}.Debug|Any CPU.ActiveCfg = Debug|Any CPU
		{F71AA0E1-7FCB-4E64-93BC-01F573B7AD8D}.Debug|Any CPU.Build.0 = Debug|Any CPU
		{F71AA0E1-7FCB-4E64-93BC-01F573B7AD8D}.Release|Any CPU.ActiveCfg = Release|Any CPU
		{F71AA0E1-7FCB-4E64-93BC-01F573B7AD8D}.Release|Any CPU.Build.0 = Release|Any CPU
		{E820ED48-FF71-47E4-8498-632C14F7744E}.Debug|Any CPU.ActiveCfg = Debug|Any CPU
		{E820ED48-FF71-47E4-8498-632C14F7744E}.Debug|Any CPU.Build.0 = Debug|Any CPU
		{E820ED48-FF71-47E4-8498-632C14F7744E}.Release|Any CPU.ActiveCfg = Release|Any CPU
		{E820ED48-FF71-47E4-8498-632C14F7744E}.Release|Any CPU.Build.0 = Release|Any CPU
	EndGlobalSection
	GlobalSection(SolutionProperties) = preSolution
		HideSolutionNode = FALSE
	EndGlobalSection
	GlobalSection(NestedProjects) = preSolution
		{F4D20544-2EAD-4B76-8E16-EF46E4CE05EA} = {72EBB138-4772-4991-B8D7-879B5C8327A9}
		{7DAF1540-05C4-44B3-84BD-15381ADA1A25} = {F4D20544-2EAD-4B76-8E16-EF46E4CE05EA}
		{A1B368F2-90E6-4592-99EF-7E1FAE64A2DD} = {72EBB138-4772-4991-B8D7-879B5C8327A9}
		{45EEED6C-F6E5-4524-9BF8-0B53015FA647} = {A1B368F2-90E6-4592-99EF-7E1FAE64A2DD}
		{426DBAEA-60AD-4953-8E13-086B4A2648AE} = {72EBB138-4772-4991-B8D7-879B5C8327A9}
		{F71AA0E1-7FCB-4E64-93BC-01F573B7AD8D} = {426DBAEA-60AD-4953-8E13-086B4A2648AE}
		{E820ED48-FF71-47E4-8498-632C14F7744E} = {426DBAEA-60AD-4953-8E13-086B4A2648AE}
	EndGlobalSection
	GlobalSection(ExtensibilityGlobals) = postSolution
		SolutionGuid = {F45CB2D7-3692-4E07-8CF1-CC7DFF281849}
	EndGlobalSection
EndGlobal
